
Microsoft Visual Studio Solution File, Format Version 12.00
# Visual Studio 15
VisualStudioVersion = 15.0.27004.2002
MinimumVisualStudioVersion = 15.0.26124.0
Project("{9A19103F-16F7-4668-BE54-9A1E7A4F7556}") = "WechatMiddleware", "WechatMiddleware\WechatMiddleware.csproj", "{D5BC42A2-E823-494C-87A9-4F934891F22E}"
EndProject
Project("{9A19103F-16F7-4668-BE54-9A1E7A4F7556}") = "WechatMiddleware.Demo", "AuthCodeMiddleware\WechatMiddleware.Demo.csproj", "{0636BF08-DB40-45B0-956D-ABF21AF180F9}"
EndProject
Global
	GlobalSection(SolutionConfigurationPlatforms) = preSolution
		Debug|Any CPU = Debug|Any CPU
		Debug|x64 = Debug|x64
		Debug|x86 = Debug|x86
		Release|Any CPU = Release|Any CPU
		Release|x64 = Release|x64
		Release|x86 = Release|x86
	EndGlobalSection
	GlobalSection(ProjectConfigurationPlatforms) = postSolution
		{D5BC42A2-E823-494C-87A9-4F934891F22E}.Debug|Any CPU.ActiveCfg = Debug|Any CPU
		{D5BC42A2-E823-494C-87A9-4F934891F22E}.Debug|Any CPU.Build.0 = Debug|Any CPU
		{D5BC42A2-E823-494C-87A9-4F934891F22E}.Debug|x64.ActiveCfg = Debug|Any CPU
		{D5BC42A2-E823-494C-87A9-4F934891F22E}.Debug|x64.Build.0 = Debug|Any CPU
		{D5BC42A2-E823-494C-87A9-4F934891F22E}.Debug|x86.ActiveCfg = Debug|Any CPU
		{D5BC42A2-E823-494C-87A9-4F934891F22E}.Debug|x86.Build.0 = Debug|Any CPU
		{D5BC42A2-E823-494C-87A9-4F934891F22E}.Release|Any CPU.ActiveCfg = Release|Any CPU
		{D5BC42A2-E823-494C-87A9-4F934891F22E}.Release|Any CPU.Build.0 = Release|Any CPU
		{D5BC42A2-E823-494C-87A9-4F934891F22E}.Release|x64.ActiveCfg = Release|Any CPU
		{D5BC42A2-E823-494C-87A9-4F934891F22E}.Release|x64.Build.0 = Release|Any CPU
		{D5BC42A2-E823-494C-87A9-4F934891F22E}.Release|x86.ActiveCfg = Release|Any CPU
		{D5BC42A2-E823-494C-87A9-4F934891F22E}.Release|x86.Build.0 = Release|Any CPU
		{0636BF08-DB40-45B0-956D-ABF21AF180F9}.Debug|Any CPU.ActiveCfg = Debug|Any CPU
		{0636BF08-DB40-45B0-956D-ABF21AF180F9}.Debug|Any CPU.Build.0 = Debug|Any CPU
		{0636BF08-DB40-45B0-956D-ABF21AF180F9}.Debug|x64.ActiveCfg = Debug|Any CPU
		{0636BF08-DB40-45B0-956D-ABF21AF180F9}.Debug|x64.Build.0 = Debug|Any CPU
		{0636BF08-DB40-45B0-956D-ABF21AF180F9}.Debug|x86.ActiveCfg = Debug|Any CPU
		{0636BF08-DB40-45B0-956D-ABF21AF180F9}.Debug|x86.Build.0 = Debug|Any CPU
		{0636BF08-DB40-45B0-956D-ABF21AF180F9}.Release|Any CPU.ActiveCfg = Release|Any CPU
		{0636BF08-DB40-45B0-956D-ABF21AF180F9}.Release|Any CPU.Build.0 = Release|Any CPU
		{0636BF08-DB40-45B0-956D-ABF21AF180F9}.Release|x64.ActiveCfg = Release|Any CPU
		{0636BF08-DB40-45B0-956D-ABF21AF180F9}.Release|x64.Build.0 = Release|Any CPU
		{0636BF08-DB40-45B0-956D-ABF21AF180F9}.Release|x86.ActiveCfg = Release|Any CPU
		{0636BF08-DB40-45B0-956D-ABF21AF180F9}.Release|x86.Build.0 = Release|Any CPU
	EndGlobalSection
	GlobalSection(SolutionProperties) = preSolution
		HideSolutionNode = FALSE
	EndGlobalSection
	GlobalSection(ExtensibilityGlobals) = postSolution
		SolutionGuid = {CD621207-0EED-4966-A501-ECABDDEEEC3B}
	EndGlobalSection
EndGlobal
